
Microsoft Visual Studio Solution File, Format Version 12.00
# Visual Studio Express 2012 for Web
Project("{FAE04EC0-301F-11D3-BF4B-00C04F79EFBC}") = "BrianandAlix.web", "BrianandAlix.web\BrianandAlix.web.csproj", "{CF12A4AA-40FE-4E93-A172-9449AD77C573}"
EndProject
Global
	GlobalSection(SolutionConfigurationPlatforms) = preSolution
		Debug|Any CPU = Debug|Any CPU
		Release|Any CPU = Release|Any CPU
	EndGlobalSection
	GlobalSection(ProjectConfigurationPlatforms) = postSolution
		{CF12A4AA-40FE-4E93-A172-9449AD77C573}.Debug|Any CPU.ActiveCfg = Debug|Any CPU
		{CF12A4AA-40FE-4E93-A172-9449AD77C573}.Debug|Any CPU.Build.0 = Debug|Any CPU
		{CF12A4AA-40FE-4E93-A172-9449AD77C573}.Release|Any CPU.ActiveCfg = Release|Any CPU
		{CF12A4AA-40FE-4E93-A172-9449AD77C573}.Release|Any CPU.Build.0 = Release|Any CPU
	EndGlobalSection
	GlobalSection(SolutionProperties) = preSolution
		HideSolutionNode = FALSE
	EndGlobalSection
EndGlobal
